{
  "lockfile_version": "1",
  "packages": {
    "ginkgo@latest": {
      "last_modified": "2026-01-16T13:18:18Z",
      "resolved": "github:NixOS/nixpkgs/be5afa0fcb31f0a96bf9ecba05a516c66fcd8114#ginkgo",
      "source": "devbox-search",
      "version": "2.27.5",
      "systems": {
        "aarch64-darwin": {
          "outputs": [
            {
              "name": "out",
              "path": "/nix/store/4l24519155mlfn7ilx0ichr4v112jfzl-ginkgo-2.27.5",
              "default": true
            }
          ],
          "store_path": "/nix/store/4l24519155mlfn7ilx0ichr4v112jfzl-ginkgo-2.27.5"
        },
        "aarch64-linux": {
          "outputs": [
            {
              "name": "out",
              "path": "/nix/store/wwgqy1mwz1j56n08pcmn20d3l3fz5yjb-ginkgo-2.27.5",
              "default": true
            }
          ],
          "store_path": "/nix/store/wwgqy1mwz1j56n08pcmn20d3l3fz5yjb-ginkgo-2.27.5"
        },
        "x86_64-darwin": {
          "outputs": [
            {
              "name": "out",
              "path": "/nix/store/id26mw70p8ym4xiplihl7ggjg1rxzv16-ginkgo-2.27.5",
              "default": true
            }
          ],
          "store_path": "/nix/store/id26mw70p8ym4xiplihl7ggjg1rxzv16-ginkgo-2.27.5"
        },
        "x86_64-linux": {
          "outputs": [
            {
              "name": "out",
              "path": "/nix/store/k7kn9ys52az2lrd5pddc8jnzmw74396z-ginkgo-2.27.5",
              "default": true
            }
          ],
          "store_path": "/nix/store/k7kn9ys52az2lrd5pddc8jnzmw74396z-ginkgo-2.27.5"
        }
      }
    },
    "github:NixOS/nixpkgs/nixpkgs-unstable": {
      "last_modified": "2026-01-13T11:13:53Z",
      "resolved": "github:NixOS/nixpkgs/61db79b0c6b838d9894923920b612048e1201926?lastModified=1768302833&narHash=sha256-h5bRFy9bco%2B8QcK7rGoOiqMxMbmn21moTACofNLRMP4%3D"
    },
    "go@latest": {
      "last_modified": "2025-12-31T03:27:36Z",
      "resolved": "github:NixOS/nixpkgs/f665af0cdb70ed27e1bd8f9fdfecaf451260fc55#go",
      "source": "devbox-search",
      "version": "1.25.5",
      "systems": {
        "aarch64-darwin": {
          "outputs": [
            {
              "name": "out",
              "path": "/nix/store/fy2aq0rg6vbiyjfdpqy3429hqsan7iwm-go-1.25.5",
              "default": true
            }
          ],
          "store_path": "/nix/store/fy2aq0rg6vbiyjfdpqy3429hqsan7iwm-go-1.25.5"
        },
        "aarch64-linux": {
          "outputs": [
            {
              "name": "out",
              "path": "/nix/store/30d96229dgrh6n6bmd4hn9r1hcngj9bn-go-1.25.5",
              "default": true
            }
          ],
          "store_path": "/nix/store/30d96229dgrh6n6bmd4hn9r1hcngj9bn-go-1.25.5"
        },
        "x86_64-darwin": {
          "outputs": [
            {
              "name": "out",
              "path": "/nix/store/wzakp2xy6if4n2b4fb1fkdjwilwlpifk-go-1.25.5",
              "default": true
            }
          ],
          "store_path": "/nix/store/wzakp2xy6if4n2b4fb1fkdjwilwlpifk-go-1.25.5"
        },
        "x86_64-linux": {
          "outputs": [
            {
              "name": "out",
              "path": "/nix/store/60z37432vmgkg54krwr1z057bqwp7583-go-1.25.5",
              "default": true
            }
          ],
          "store_path": "/nix/store/60z37432vmgkg54krwr1z057bqwp7583-go-1.25.5"
        }
      }
    }
  }
}
