{
  "lockfile_version": "1",
  "packages": {
    "elmPackages.elm@latest": {
      "last_modified": "2025-12-31T03:27:36Z",
      "resolved": "github:NixOS/nixpkgs/f665af0cdb70ed27e1bd8f9fdfecaf451260fc55#elmPackages.elm",
      "source": "devbox-search",
      "version": "0.19.1",
      "systems": {
        "aarch64-darwin": {
          "outputs": [
            {
              "name": "out",
              "path": "/nix/store/w40f84chyqiyasvxzkyv2cn0s27x742f-elm-0.19.1",
              "default": true
            },
            {
              "name": "doc",
              "path": "/nix/store/bkp93956px1v922cj7j5b50wvhbivak1-elm-0.19.1-doc"
            }
          ],
          "store_path": "/nix/store/w40f84chyqiyasvxzkyv2cn0s27x742f-elm-0.19.1"
        },
        "aarch64-linux": {
          "outputs": [
            {
              "name": "out",
              "path": "/nix/store/2frh8s609hwi2jl077xwb438af4a4291-elm-0.19.1",
              "default": true
            },
            {
              "name": "doc",
              "path": "/nix/store/7fwj1si82mb1r79kq1lds8avgb1g1yb4-elm-0.19.1-doc"
            }
          ],
          "store_path": "/nix/store/2frh8s609hwi2jl077xwb438af4a4291-elm-0.19.1"
        },
        "x86_64-darwin": {
          "outputs": [
            {
              "name": "out",
              "path": "/nix/store/1jk9g6z4hg202yh900xm3yscgi3mxrrx-elm-0.19.1",
              "default": true
            },
            {
              "name": "doc",
              "path": "/nix/store/zjk3cxdci2f40m07xm3kngzxk9nanvyn-elm-0.19.1-doc"
            }
          ],
          "store_path": "/nix/store/1jk9g6z4hg202yh900xm3yscgi3mxrrx-elm-0.19.1"
        },
        "x86_64-linux": {
          "outputs": [
            {
              "name": "out",
              "path": "/nix/store/gwkf9jmn0yv0fsw7m7jd1scnwrqnhiy9-elm-0.19.1",
              "default": true
            },
            {
              "name": "doc",
              "path": "/nix/store/va59nr484hj87xqbv53rs00qnh8aap8h-elm-0.19.1-doc"
            }
          ],
          "store_path": "/nix/store/gwkf9jmn0yv0fsw7m7jd1scnwrqnhiy9-elm-0.19.1"
        }
      }
    },
    "ginkgo@latest": {
      "last_modified": "2026-01-16T13:18:18Z",
      "resolved": "github:NixOS/nixpkgs/be5afa0fcb31f0a96bf9ecba05a516c66fcd8114#ginkgo",
      "source": "devbox-search",
      "version": "2.27.5",
      "systems": {
        "aarch64-darwin": {
          "outputs": [
            {
              "name": "out",
              "path": "/nix/store/4l24519155mlfn7ilx0ichr4v112jfzl-ginkgo-2.27.5",
              "default": true
            }
          ],
          "store_path": "/nix/store/4l24519155mlfn7ilx0ichr4v112jfzl-ginkgo-2.27.5"
        },
        "aarch64-linux": {
          "outputs": [
            {
              "name": "out",
              "path": "/nix/store/wwgqy1mwz1j56n08pcmn20d3l3fz5yjb-ginkgo-2.27.5",
              "default": true
            }
          ],
          "store_path": "/nix/store/wwgqy1mwz1j56n08pcmn20d3l3fz5yjb-ginkgo-2.27.5"
        },
        "x86_64-darwin": {
          "outputs": [
            {
              "name": "out",
              "path": "/nix/store/id26mw70p8ym4xiplihl7ggjg1rxzv16-ginkgo-2.27.5",
              "default": true
            }
          ],
          "store_path": "/nix/store/id26mw70p8ym4xiplihl7ggjg1rxzv16-ginkgo-2.27.5"
        },
        "x86_64-linux": {
          "outputs": [
            {
              "name": "out",
              "path": "/nix/store/k7kn9ys52az2lrd5pddc8jnzmw74396z-ginkgo-2.27.5",
              "default": true
            }
          ],
          "store_path": "/nix/store/k7kn9ys52az2lrd5pddc8jnzmw74396z-ginkgo-2.27.5"
        }
      }
    },
    "github:NixOS/nixpkgs/nixpkgs-unstable": {
      "last_modified": "2026-01-24T06:57:54Z",
      "resolved": "github:NixOS/nixpkgs/523257564973361cc3e55e3df3e77e68c20b0b80?lastModified=1769237874&narHash=sha256-saOixpqPT4fiE%2FM8EfHv9I98f3sSEvt6nhMJ%2Fz0a7xI%3D"
    },
    "go@latest": {
      "last_modified": "2025-12-31T03:27:36Z",
      "resolved": "github:NixOS/nixpkgs/f665af0cdb70ed27e1bd8f9fdfecaf451260fc55#go",
      "source": "devbox-search",
      "version": "1.25.5",
      "systems": {
        "aarch64-darwin": {
          "outputs": [
            {
              "name": "out",
              "path": "/nix/store/fy2aq0rg6vbiyjfdpqy3429hqsan7iwm-go-1.25.5",
              "default": true
            }
          ],
          "store_path": "/nix/store/fy2aq0rg6vbiyjfdpqy3429hqsan7iwm-go-1.25.5"
        },
        "aarch64-linux": {
          "outputs": [
            {
              "name": "out",
              "path": "/nix/store/30d96229dgrh6n6bmd4hn9r1hcngj9bn-go-1.25.5",
              "default": true
            }
          ],
          "store_path": "/nix/store/30d96229dgrh6n6bmd4hn9r1hcngj9bn-go-1.25.5"
        },
        "x86_64-darwin": {
          "outputs": [
            {
              "name": "out",
              "path": "/nix/store/wzakp2xy6if4n2b4fb1fkdjwilwlpifk-go-1.25.5",
              "default": true
            }
          ],
          "store_path": "/nix/store/wzakp2xy6if4n2b4fb1fkdjwilwlpifk-go-1.25.5"
        },
        "x86_64-linux": {
          "outputs": [
            {
              "name": "out",
              "path": "/nix/store/60z37432vmgkg54krwr1z057bqwp7583-go-1.25.5",
              "default": true
            }
          ],
          "store_path": "/nix/store/60z37432vmgkg54krwr1z057bqwp7583-go-1.25.5"
        }
      }
    },
    "golangci-lint@latest": {
      "last_modified": "2026-01-09T13:41:53Z",
      "resolved": "github:NixOS/nixpkgs/5f02c91314c8ba4afe83b256b023756412218535#golangci-lint",
      "source": "devbox-search",
      "version": "2.8.0",
      "systems": {
        "aarch64-darwin": {
          "outputs": [
            {
              "name": "out",
              "path": "/nix/store/b9iv68qcms160wlni9xn56s81cvqksgf-golangci-lint-2.8.0",
              "default": true
            }
          ],
          "store_path": "/nix/store/b9iv68qcms160wlni9xn56s81cvqksgf-golangci-lint-2.8.0"
        },
        "aarch64-linux": {
          "outputs": [
            {
              "name": "out",
              "path": "/nix/store/1yzy8ajvs3wj009j7al87hm6n0zwjd40-golangci-lint-2.8.0",
              "default": true
            }
          ],
          "store_path": "/nix/store/1yzy8ajvs3wj009j7al87hm6n0zwjd40-golangci-lint-2.8.0"
        },
        "x86_64-darwin": {
          "outputs": [
            {
              "name": "out",
              "path": "/nix/store/k17d2y5alkdd3p03haik3a3ksfaxh1fj-golangci-lint-2.8.0",
              "default": true
            }
          ],
          "store_path": "/nix/store/k17d2y5alkdd3p03haik3a3ksfaxh1fj-golangci-lint-2.8.0"
        },
        "x86_64-linux": {
          "outputs": [
            {
              "name": "out",
              "path": "/nix/store/643gpb6qyxjl9lcrfr8gvfck2rj9zabd-golangci-lint-2.8.0",
              "default": true
            }
          ],
          "store_path": "/nix/store/643gpb6qyxjl9lcrfr8gvfck2rj9zabd-golangci-lint-2.8.0"
        }
      }
    }
  }
}
